
Microsoft Visual Studio Solution File, Format Version 12.00
# Visual Studio Version 17
VisualStudioVersion = 17.14.36603.0 d17.14
MinimumVisualStudioVersion = 10.0.40219.1
Project("{FAE04EC0-301F-11D3-BF4B-00C04F79EFBC}") = "CalculadoraDepreciacao", "CalculadoraDepreciacao\CalculadoraDepreciacao.csproj", "{AE39DE6A-3F33-44DB-94B1-66F2786F563B}"
EndProject
Global
	GlobalSection(SolutionConfigurationPlatforms) = preSolution
		Debug|Any CPU = Debug|Any CPU
		Release|Any CPU = Release|Any CPU
	EndGlobalSection
	GlobalSection(ProjectConfigurationPlatforms) = postSolution
		{AE39DE6A-3F33-44DB-94B1-66F2786F563B}.Debug|Any CPU.ActiveCfg = Debug|Any CPU
		{AE39DE6A-3F33-44DB-94B1-66F2786F563B}.Debug|Any CPU.Build.0 = Debug|Any CPU
		{AE39DE6A-3F33-44DB-94B1-66F2786F563B}.Release|Any CPU.ActiveCfg = Release|Any CPU
		{AE39DE6A-3F33-44DB-94B1-66F2786F563B}.Release|Any CPU.Build.0 = Release|Any CPU
	EndGlobalSection
	GlobalSection(SolutionProperties) = preSolution
		HideSolutionNode = FALSE
	EndGlobalSection
	GlobalSection(ExtensibilityGlobals) = postSolution
		SolutionGuid = {81A6BB36-F624-4C07-9B8D-4BDC6977717B}
	EndGlobalSection
EndGlobal
